
Microsoft Visual Studio Solution File, Format Version 12.00
Project("{FAE04EC0-301F-11D3-BF4B-00C04F79EFBC}") = "ProductsAPI.Web", "ProductsAPI.Web\ProductsAPI.Web.csproj", "{7C8C8F53-6988-4A09-8971-567297EFFF91}"
EndProject
Project("{2150E333-8FDC-42A3-9474-1A3956D46DE8}") = "API", "API", "{2ABBDE64-CCC8-4247-98F0-2A97B327AB3D}"
EndProject
Project("{2150E333-8FDC-42A3-9474-1A3956D46DE8}") = "Core", "Core", "{FAFD6714-7497-4D1C-97ED-E49009DCD0E1}"
EndProject
Project("{2150E333-8FDC-42A3-9474-1A3956D46DE8}") = "Tests", "Tests", "{4635ED5F-346A-46BC-B57C-E89978840FF9}"
EndProject
Project("{2150E333-8FDC-42A3-9474-1A3956D46DE8}") = "Application", "Application", "{4C5E3476-9907-49AB-818C-039A281F8DC0}"
EndProject
Project("{2150E333-8FDC-42A3-9474-1A3956D46DE8}") = "Domain", "Domain", "{3B112170-910C-4F73-AD92-29090467BD24}"
EndProject
Project("{2150E333-8FDC-42A3-9474-1A3956D46DE8}") = "Infrastructure", "Infrastructure", "{E7AC17C1-FF1D-46DC-9C99-25D9ACCBD290}"
EndProject
Project("{FAE04EC0-301F-11D3-BF4B-00C04F79EFBC}") = "ProductsAPI.Application", "ProductsAPI.Application\ProductsAPI.Application.csproj", "{918086EC-C88A-4186-9C59-FC47B1B7DD7C}"
EndProject
Project("{FAE04EC0-301F-11D3-BF4B-00C04F79EFBC}") = "ProductsAPI.Domain", "ProductsAPI.Domain\ProductsAPI.Domain.csproj", "{A19C2BAB-04BE-439B-AA79-F093EED8B333}"
EndProject
Project("{FAE04EC0-301F-11D3-BF4B-00C04F79EFBC}") = "ProductsAPI.Infra.Data.SqlServer", "ProductsAPI.Infra.Data.SqlServer\ProductsAPI.Infra.Data.SqlServer.csproj", "{367ADDDF-04ED-4072-AE1C-E09CF24F7B15}"
EndProject
Project("{FAE04EC0-301F-11D3-BF4B-00C04F79EFBC}") = "ProductsAPI.Infra.Data.MongoDB", "ProductsAPI.Infra.Data.MongoDB\ProductsAPI.Infra.Data.MongoDB.csproj", "{3EBEC0D4-0869-42BF-B2E0-5F9F44CC2D25}"
EndProject
Global
	GlobalSection(SolutionConfigurationPlatforms) = preSolution
		Debug|Any CPU = Debug|Any CPU
		Release|Any CPU = Release|Any CPU
	EndGlobalSection
	GlobalSection(ProjectConfigurationPlatforms) = postSolution
		{7C8C8F53-6988-4A09-8971-567297EFFF91}.Debug|Any CPU.ActiveCfg = Debug|Any CPU
		{7C8C8F53-6988-4A09-8971-567297EFFF91}.Debug|Any CPU.Build.0 = Debug|Any CPU
		{7C8C8F53-6988-4A09-8971-567297EFFF91}.Release|Any CPU.ActiveCfg = Release|Any CPU
		{7C8C8F53-6988-4A09-8971-567297EFFF91}.Release|Any CPU.Build.0 = Release|Any CPU
		{918086EC-C88A-4186-9C59-FC47B1B7DD7C}.Debug|Any CPU.ActiveCfg = Debug|Any CPU
		{918086EC-C88A-4186-9C59-FC47B1B7DD7C}.Debug|Any CPU.Build.0 = Debug|Any CPU
		{918086EC-C88A-4186-9C59-FC47B1B7DD7C}.Release|Any CPU.ActiveCfg = Release|Any CPU
		{918086EC-C88A-4186-9C59-FC47B1B7DD7C}.Release|Any CPU.Build.0 = Release|Any CPU
		{A19C2BAB-04BE-439B-AA79-F093EED8B333}.Debug|Any CPU.ActiveCfg = Debug|Any CPU
		{A19C2BAB-04BE-439B-AA79-F093EED8B333}.Debug|Any CPU.Build.0 = Debug|Any CPU
		{A19C2BAB-04BE-439B-AA79-F093EED8B333}.Release|Any CPU.ActiveCfg = Release|Any CPU
		{A19C2BAB-04BE-439B-AA79-F093EED8B333}.Release|Any CPU.Build.0 = Release|Any CPU
		{367ADDDF-04ED-4072-AE1C-E09CF24F7B15}.Debug|Any CPU.ActiveCfg = Debug|Any CPU
		{367ADDDF-04ED-4072-AE1C-E09CF24F7B15}.Debug|Any CPU.Build.0 = Debug|Any CPU
		{367ADDDF-04ED-4072-AE1C-E09CF24F7B15}.Release|Any CPU.ActiveCfg = Release|Any CPU
		{367ADDDF-04ED-4072-AE1C-E09CF24F7B15}.Release|Any CPU.Build.0 = Release|Any CPU
		{3EBEC0D4-0869-42BF-B2E0-5F9F44CC2D25}.Debug|Any CPU.ActiveCfg = Debug|Any CPU
		{3EBEC0D4-0869-42BF-B2E0-5F9F44CC2D25}.Debug|Any CPU.Build.0 = Debug|Any CPU
		{3EBEC0D4-0869-42BF-B2E0-5F9F44CC2D25}.Release|Any CPU.ActiveCfg = Release|Any CPU
		{3EBEC0D4-0869-42BF-B2E0-5F9F44CC2D25}.Release|Any CPU.Build.0 = Release|Any CPU
	EndGlobalSection
	GlobalSection(NestedProjects) = preSolution
		{7C8C8F53-6988-4A09-8971-567297EFFF91} = {2ABBDE64-CCC8-4247-98F0-2A97B327AB3D}
		{4C5E3476-9907-49AB-818C-039A281F8DC0} = {FAFD6714-7497-4D1C-97ED-E49009DCD0E1}
		{3B112170-910C-4F73-AD92-29090467BD24} = {FAFD6714-7497-4D1C-97ED-E49009DCD0E1}
		{E7AC17C1-FF1D-46DC-9C99-25D9ACCBD290} = {FAFD6714-7497-4D1C-97ED-E49009DCD0E1}
		{918086EC-C88A-4186-9C59-FC47B1B7DD7C} = {4C5E3476-9907-49AB-818C-039A281F8DC0}
		{A19C2BAB-04BE-439B-AA79-F093EED8B333} = {3B112170-910C-4F73-AD92-29090467BD24}
		{367ADDDF-04ED-4072-AE1C-E09CF24F7B15} = {E7AC17C1-FF1D-46DC-9C99-25D9ACCBD290}
		{3EBEC0D4-0869-42BF-B2E0-5F9F44CC2D25} = {E7AC17C1-FF1D-46DC-9C99-25D9ACCBD290}
	EndGlobalSection
EndGlobal
